
Microsoft Visual Studio Solution File, Format Version 11.00
# Visual C++ Express 2010
Project("{8BC9CEB8-8B4A-11D0-8D11-00A0C91BC942}") = "prog-23", "prog-23\prog-23.vcxproj", "{713CEA94-CED8-4B90-BF5B-94A669F8E4D1}"
EndProject
Global
	GlobalSection(SolutionConfigurationPlatforms) = preSolution
		Debug|Win32 = Debug|Win32
		Release|Win32 = Release|Win32
	EndGlobalSection
	GlobalSection(ProjectConfigurationPlatforms) = postSolution
		{713CEA94-CED8-4B90-BF5B-94A669F8E4D1}.Debug|Win32.ActiveCfg = Debug|Win32
		{713CEA94-CED8-4B90-BF5B-94A669F8E4D1}.Debug|Win32.Build.0 = Debug|Win32
		{713CEA94-CED8-4B90-BF5B-94A669F8E4D1}.Release|Win32.ActiveCfg = Release|Win32
		{713CEA94-CED8-4B90-BF5B-94A669F8E4D1}.Release|Win32.Build.0 = Release|Win32
	EndGlobalSection
	GlobalSection(SolutionProperties) = preSolution
		HideSolutionNode = FALSE
	EndGlobalSection
EndGlobal
